github.com/davecgh/go-spew v1.1.0/go.mod h1:J7Y8YcW2NihsgmVo/mv3lAwl/skON4iLHjSsI+c5H38=
github.com/elgs/gojq v0.0.0-20160421194050-81fa9a608a13 h1:/voSflvo4UvPT0XZy+YQMuUk04topJ2swxyOOyXefMM=
github.com/elgs/gojq v0.0.0-20160421194050-81fa9a608a13/go.mod h1:rQELVIqRXpraeUryHOBadz99ePvEVQmTVpGr8M9QQ4Q=
github.com/elgs/gosplitargs v0.0.0-20161028071935-a491c5eeb3c8 h1:bD2/rCXwgXJm2vgoSSSCM9IPjVFfEoQFFblzg7HHABI=
github.com/elgs/gosplitargs v0.0.0-20161028071935-a491c5eeb3c8/go.mod h1:o4DgpccPNAQAlPSxo7I4L/LWNh2oyr/BBGSynrLTmZM=
github.com/imroc/req v0.2.4 h1:8XbvaQpERLAJV6as/cB186DtH5f0m5zAOtHEaTQ4ac0=
github.com/imroc/req v0.2.4/go.mod h1:J9FsaNHDTIVyW/b5r6/Df5qKEEEq2WzZKIgKSajd1AE=
github.com/pmezard/go-difflib v1.0.0/go.mod h1:iKH77koFhYxTK1pcRnkKkqfTogsbg7gZNVY4sRDYZ/4=
github.com/stretchr/objx v0.1.0/go.mod h1:HFkY916IF+rwdDfMAkV7OtwuqBVzrE8GR6GFx+wExME=
github.com/stretchr/testify v1.3.0/go.mod h1:M5WIy9Dh21IEIfnGCwXGc5bZfKNJtfHm1UVUgZn+9EI=
